
Microsoft Visual Studio Solution File, Format Version 12.00
# Visual Studio Version 16
VisualStudioVersion = 16.0.31025.194
MinimumVisualStudioVersion = 10.0.40219.1
Project("{FAE04EC0-301F-11D3-BF4B-00C04F79EFBC}") = "ExponentMethod", "ExponentMethod.csproj", "{E40880C0-4B8D-4277-A980-9D2DCAC68880}"
EndProject
Global
	GlobalSection(SolutionConfigurationPlatforms) = preSolution
		Debug|Any CPU = Debug|Any CPU
		Release|Any CPU = Release|Any CPU
	EndGlobalSection
	GlobalSection(ProjectConfigurationPlatforms) = postSolution
		{E40880C0-4B8D-4277-A980-9D2DCAC68880}.Debug|Any CPU.ActiveCfg = Debug|Any CPU
		{E40880C0-4B8D-4277-A980-9D2DCAC68880}.Debug|Any CPU.Build.0 = Debug|Any CPU
		{E40880C0-4B8D-4277-A980-9D2DCAC68880}.Release|Any CPU.ActiveCfg = Release|Any CPU
		{E40880C0-4B8D-4277-A980-9D2DCAC68880}.Release|Any CPU.Build.0 = Release|Any CPU
	EndGlobalSection
	GlobalSection(SolutionProperties) = preSolution
		HideSolutionNode = FALSE
	EndGlobalSection
	GlobalSection(ExtensibilityGlobals) = postSolution
		SolutionGuid = {D4D71380-F6C4-4B81-837B-E56A98212B9A}
	EndGlobalSection
EndGlobal
