
Microsoft Visual Studio Solution File, Format Version 12.00
# Visual Studio Version 16
VisualStudioVersion = 16.0.31025.194
MinimumVisualStudioVersion = 10.0.40219.1
Project("{FAE04EC0-301F-11D3-BF4B-00C04F79EFBC}") = "StaticMethodesClasses", "StaticMethodesClasses.csproj", "{1C328AEF-4D24-4B49-952B-2CA0DAFBC70D}"
EndProject
Global
	GlobalSection(SolutionConfigurationPlatforms) = preSolution
		Debug|Any CPU = Debug|Any CPU
		Release|Any CPU = Release|Any CPU
	EndGlobalSection
	GlobalSection(ProjectConfigurationPlatforms) = postSolution
		{1C328AEF-4D24-4B49-952B-2CA0DAFBC70D}.Debug|Any CPU.ActiveCfg = Debug|Any CPU
		{1C328AEF-4D24-4B49-952B-2CA0DAFBC70D}.Debug|Any CPU.Build.0 = Debug|Any CPU
		{1C328AEF-4D24-4B49-952B-2CA0DAFBC70D}.Release|Any CPU.ActiveCfg = Release|Any CPU
		{1C328AEF-4D24-4B49-952B-2CA0DAFBC70D}.Release|Any CPU.Build.0 = Release|Any CPU
	EndGlobalSection
	GlobalSection(SolutionProperties) = preSolution
		HideSolutionNode = FALSE
	EndGlobalSection
	GlobalSection(ExtensibilityGlobals) = postSolution
		SolutionGuid = {2201F0D9-0B05-4E4A-A833-6A6AD242995C}
	EndGlobalSection
EndGlobal
