
Microsoft Visual Studio Solution File, Format Version 12.00
# Visual Studio Version 16
VisualStudioVersion = 16.0.31025.194
MinimumVisualStudioVersion = 10.0.40219.1
Project("{FAE04EC0-301F-11D3-BF4B-00C04F79EFBC}") = "2dArrays", "2dArrays.csproj", "{BA99ED4C-CE19-49BC-95A7-A350654DC342}"
EndProject
Global
	GlobalSection(SolutionConfigurationPlatforms) = preSolution
		Debug|Any CPU = Debug|Any CPU
		Release|Any CPU = Release|Any CPU
	EndGlobalSection
	GlobalSection(ProjectConfigurationPlatforms) = postSolution
		{BA99ED4C-CE19-49BC-95A7-A350654DC342}.Debug|Any CPU.ActiveCfg = Debug|Any CPU
		{BA99ED4C-CE19-49BC-95A7-A350654DC342}.Debug|Any CPU.Build.0 = Debug|Any CPU
		{BA99ED4C-CE19-49BC-95A7-A350654DC342}.Release|Any CPU.ActiveCfg = Release|Any CPU
		{BA99ED4C-CE19-49BC-95A7-A350654DC342}.Release|Any CPU.Build.0 = Release|Any CPU
	EndGlobalSection
	GlobalSection(SolutionProperties) = preSolution
		HideSolutionNode = FALSE
	EndGlobalSection
	GlobalSection(ExtensibilityGlobals) = postSolution
		SolutionGuid = {FEACA31B-98E6-4555-8489-74D387E7DDCB}
	EndGlobalSection
EndGlobal
